github.com/andybalholm/brotli v1.0.6 h1:Yf9fFpf49Zrxb9NlQaluyE92/+X7UVHlhMNJN2sxfOI=
github.com/andybalholm/brotli v1.0.6/go.mod h1:fO7iG3H7G2nSZ7m0zPUDn85XEX2GTukHGRSepvi9Eig=
github.com/klauspost/compress v1.17.4 h1:Ej5ixsIri7BrIjBkRZLTo6ghwrEtHFk7ijlczPW4fZ4=
github.com/klauspost/compress v1.17.4/go.mod h1:/dCuZOvVtNoHsyb+cuJD3itjs3NbnF6KH9zAO4BDxPM=
github.com/refraction-networking/utls v1.8.2 h1:j4Q1gJj0xngdeH+Ox/qND11aEfhpgoEvV+S9iJ2IdQo=
github.com/refraction-networking/utls v1.8.2/go.mod h1:jkSOEkLqn+S/jtpEHPOsVv/4V4EVnelwbMQl4vCWXAM=
golang.org/x/crypto v0.58.0 h1:COkYLr4k7nDI4r6QtMML2AfzeIswWHAJthLS6K/M/54=
golang.org/x/crypto v0.58.0/go.mod h1:Xh+kl5A+M0gMiWDytH2Hhr5Z7WbNCpv/eB/EFgfSk+w=
golang.org/x/net v0.61.0 h1:RR+6j/BTBCrggOLugxa+66R8FvoN6MHlzDlZIbN9YFw=
golang.org/x/net v0.61.0/go.mod h1:WgDCOTH8iwtB66T4/GfI94AHo/hhdb7Hah9NDseQfiI=
golang.org/x/sys v0.49.0 h1:XbzkgYJHdqh/8m2Uu0W/dQv8nktxx4BFHp1M0gROTXA=
golang.org/x/sys v0.49.0/go.mod h1:hNLxWAXmnKAxqDtdwIYC4bM9oQPEecfsnNMuSxOs3og=
golang.org/x/text v0.43.0 h1:1QivrlhwAsnMOcqgOdl9my7s9OyZl8O5/UGUTJVXoWc=
golang.org/x/text v0.43.0/go.mod h1:hbSIYA/amXcRXTFSZqh8tWHEoqRvvbKPJ2uz/KU+a+s=
golang.org/x/time v0.16.0 h1:vMb6ptszcQMkcwiRTAuNNU50gom6++Q/6gY2hDM6VDE=
golang.org/x/time v0.16.0/go.mod h1:rVKOqvZeKvrDKTQiAHJ7wmwP0RzleSphoEA9RcdLA0s=
